
Microsoft Visual Studio Solution File, Format Version 12.00
# Visual Studio Version 17
VisualStudioVersion = 17.0.32014.148
MinimumVisualStudioVersion = 10.0.40219.1
Project("{FAE04EC0-301F-11D3-BF4B-00C04F79EFBC}") = "Login", "Login\Login.csproj", "{DB1FCC34-6902-40F2-9315-EE5D9C1603F7}"
EndProject
Global
	GlobalSection(SolutionConfigurationPlatforms) = preSolution
		Debug|Any CPU = Debug|Any CPU
		Release|Any CPU = Release|Any CPU
	EndGlobalSection
	GlobalSection(ProjectConfigurationPlatforms) = postSolution
		{DB1FCC34-6902-40F2-9315-EE5D9C1603F7}.Debug|Any CPU.ActiveCfg = Debug|Any CPU
		{DB1FCC34-6902-40F2-9315-EE5D9C1603F7}.Debug|Any CPU.Build.0 = Debug|Any CPU
		{DB1FCC34-6902-40F2-9315-EE5D9C1603F7}.Release|Any CPU.ActiveCfg = Release|Any CPU
		{DB1FCC34-6902-40F2-9315-EE5D9C1603F7}.Release|Any CPU.Build.0 = Release|Any CPU
	EndGlobalSection
	GlobalSection(SolutionProperties) = preSolution
		HideSolutionNode = FALSE
	EndGlobalSection
	GlobalSection(ExtensibilityGlobals) = postSolution
		SolutionGuid = {10DCD1F6-25B4-4122-9B4A-D5F7AE0DEAE9}
	EndGlobalSection
EndGlobal
