
Microsoft Visual Studio Solution File, Format Version 12.00
# Visual Studio Version 17
VisualStudioVersion = 17.0.32014.148
MinimumVisualStudioVersion = 10.0.40219.1
Project("{FAE04EC0-301F-11D3-BF4B-00C04F79EFBC}") = "Market System", "Market System\Market System.csproj", "{08E116A2-86BC-4380-BD06-266071011703}"
EndProject
Global
	GlobalSection(SolutionConfigurationPlatforms) = preSolution
		Debug|Any CPU = Debug|Any CPU
		Release|Any CPU = Release|Any CPU
	EndGlobalSection
	GlobalSection(ProjectConfigurationPlatforms) = postSolution
		{08E116A2-86BC-4380-BD06-266071011703}.Debug|Any CPU.ActiveCfg = Debug|Any CPU
		{08E116A2-86BC-4380-BD06-266071011703}.Debug|Any CPU.Build.0 = Debug|Any CPU
		{08E116A2-86BC-4380-BD06-266071011703}.Release|Any CPU.ActiveCfg = Release|Any CPU
		{08E116A2-86BC-4380-BD06-266071011703}.Release|Any CPU.Build.0 = Release|Any CPU
	EndGlobalSection
	GlobalSection(SolutionProperties) = preSolution
		HideSolutionNode = FALSE
	EndGlobalSection
	GlobalSection(ExtensibilityGlobals) = postSolution
		SolutionGuid = {49A87B85-E855-4999-ACB1-E118BB9519CF}
	EndGlobalSection
EndGlobal
